
Microsoft Visual Studio Solution File, Format Version 12.00
# Visual Studio 2015
Project("{FAE04EC0-301F-11D3-BF4B-00C04F79EFBC}") = "viveRunThrough.CSharp", "viveRunThrough.CSharp.csproj", "{F5ACA5E3-2F0F-EFF8-5113-2049A3CE9599}"
EndProject
Project("{FAE04EC0-301F-11D3-BF4B-00C04F79EFBC}") = "viveRunThrough.CSharp.Editor", "viveRunThrough.CSharp.Editor.csproj", "{F02B9DB9-712E-9215-13A1-AEF6D7FA4D2E}"
EndProject
Global
	GlobalSection(SolutionConfigurationPlatforms) = preSolution
		Debug|Any CPU = Debug|Any CPU
		Release|Any CPU = Release|Any CPU
	EndGlobalSection
	GlobalSection(ProjectConfigurationPlatforms) = postSolution
		{F5ACA5E3-2F0F-EFF8-5113-2049A3CE9599}.Debug|Any CPU.ActiveCfg = Debug|Any CPU
		{F5ACA5E3-2F0F-EFF8-5113-2049A3CE9599}.Debug|Any CPU.Build.0 = Debug|Any CPU
		{F5ACA5E3-2F0F-EFF8-5113-2049A3CE9599}.Release|Any CPU.ActiveCfg = Release|Any CPU
		{F5ACA5E3-2F0F-EFF8-5113-2049A3CE9599}.Release|Any CPU.Build.0 = Release|Any CPU
		{F02B9DB9-712E-9215-13A1-AEF6D7FA4D2E}.Debug|Any CPU.ActiveCfg = Debug|Any CPU
		{F02B9DB9-712E-9215-13A1-AEF6D7FA4D2E}.Debug|Any CPU.Build.0 = Debug|Any CPU
		{F02B9DB9-712E-9215-13A1-AEF6D7FA4D2E}.Release|Any CPU.ActiveCfg = Release|Any CPU
		{F02B9DB9-712E-9215-13A1-AEF6D7FA4D2E}.Release|Any CPU.Build.0 = Release|Any CPU
	EndGlobalSection
	GlobalSection(SolutionProperties) = preSolution
		HideSolutionNode = FALSE
	EndGlobalSection
EndGlobal
